<?xml version="1.0" encoding="UTF-8"?>
<Project ToolsVersion="15.0" xmlns="http://schemas.microsoft.com/developer/msbuild/2003">
  <ItemGroup>
    <ClCompile Include="C:\Users\urakubo\Desktop\dojo180724\marching_cubes\src\python_wrapper.cpp">
      <Filter>Source Files</Filter>
    </ClCompile>
    <ClCompile Include="C:\Users\urakubo\Desktop\dojo180724\marching_cubes\src\marching_cubes.cpp">
      <Filter>Source Files</Filter>
    </ClCompile>
    <ClCompile Include="C:\Users\urakubo\Desktop\dojo180724\marching_cubes\src\laplacian_smoothing.cpp">
      <Filter>Source Files</Filter>
    </ClCompile>
  </ItemGroup>
  <ItemGroup>
    <ClInclude Include="C:\Users\urakubo\Desktop\dojo180724\marching_cubes\src\marching_cubes.h">
      <Filter>Header Files</Filter>
    </ClInclude>
    <ClInclude Include="C:\Users\urakubo\Desktop\dojo180724\marching_cubes\src\laplacian_smoothing.h">
      <Filter>Header Files</Filter>
    </ClInclude>
  </ItemGroup>
  <ItemGroup>
    <CustomBuild Include="C:\Users\urakubo\Desktop\dojo180724\marching_cubes\CMakeLists.txt" />
  </ItemGroup>
  <ItemGroup>
    <Filter Include="Source Files">
      <UniqueIdentifier>{1E3B4F41-F934-37EB-9543-774986F3E67C}</UniqueIdentifier>
    </Filter>
    <Filter Include="Header Files">
      <UniqueIdentifier>{C567C9BC-B0A5-33F8-97AA-217BCF724FEB}</UniqueIdentifier>
    </Filter>
  </ItemGroup>
</Project>
